
Microsoft Visual Studio Solution File, Format Version 12.00
# Visual Studio 15
VisualStudioVersion = 15.0.27703.2035
MinimumVisualStudioVersion = 10.0.40219.1
Project("{FAE04EC0-301F-11D3-BF4B-00C04F79EFBC}") = "HighSchool", "HighSchool\HighSchool.csproj", "{663D9306-CF47-40F0-8C09-2DD4648B13A6}"
EndProject
Global
	GlobalSection(SolutionConfigurationPlatforms) = preSolution
		Debug|Any CPU = Debug|Any CPU
		Release|Any CPU = Release|Any CPU
	EndGlobalSection
	GlobalSection(ProjectConfigurationPlatforms) = postSolution
		{663D9306-CF47-40F0-8C09-2DD4648B13A6}.Debug|Any CPU.ActiveCfg = Debug|Any CPU
		{663D9306-CF47-40F0-8C09-2DD4648B13A6}.Debug|Any CPU.Build.0 = Debug|Any CPU
		{663D9306-CF47-40F0-8C09-2DD4648B13A6}.Release|Any CPU.ActiveCfg = Release|Any CPU
		{663D9306-CF47-40F0-8C09-2DD4648B13A6}.Release|Any CPU.Build.0 = Release|Any CPU
	EndGlobalSection
	GlobalSection(SolutionProperties) = preSolution
		HideSolutionNode = FALSE
	EndGlobalSection
	GlobalSection(ExtensibilityGlobals) = postSolution
		SolutionGuid = {DC5A41A1-F838-4AF6-943A-F90E4B582FEB}
	EndGlobalSection
EndGlobal
